
Microsoft Visual Studio Solution File, Format Version 12.00
# Visual Studio Version 16
VisualStudioVersion = 16.0.29009.5
MinimumVisualStudioVersion = 10.0.40219.1
Project("{FAE04EC0-301F-11D3-BF4B-00C04F79EFBC}") = "AbstractDrill", "AbstractDrill\AbstractDrill.csproj", "{F7090EDD-1B42-4659-B782-411B9AE3D045}"
EndProject
Global
	GlobalSection(SolutionConfigurationPlatforms) = preSolution
		Debug|Any CPU = Debug|Any CPU
		Release|Any CPU = Release|Any CPU
	EndGlobalSection
	GlobalSection(ProjectConfigurationPlatforms) = postSolution
		{F7090EDD-1B42-4659-B782-411B9AE3D045}.Debug|Any CPU.ActiveCfg = Debug|Any CPU
		{F7090EDD-1B42-4659-B782-411B9AE3D045}.Debug|Any CPU.Build.0 = Debug|Any CPU
		{F7090EDD-1B42-4659-B782-411B9AE3D045}.Release|Any CPU.ActiveCfg = Release|Any CPU
		{F7090EDD-1B42-4659-B782-411B9AE3D045}.Release|Any CPU.Build.0 = Release|Any CPU
	EndGlobalSection
	GlobalSection(SolutionProperties) = preSolution
		HideSolutionNode = FALSE
	EndGlobalSection
	GlobalSection(ExtensibilityGlobals) = postSolution
		SolutionGuid = {F7899587-3D54-417B-AE61-AF283DEBBFEE}
	EndGlobalSection
EndGlobal
