
Microsoft Visual Studio Solution File, Format Version 12.00
# Visual Studio Version 16
VisualStudioVersion = 16.0.29009.5
MinimumVisualStudioVersion = 10.0.40219.1
Project("{FAE04EC0-301F-11D3-BF4B-00C04F79EFBC}") = "MethodsDrill4", "MethodsDrill4\MethodsDrill4.csproj", "{CCB792ED-75D3-49AF-8BE5-A36198E1DB37}"
EndProject
Global
	GlobalSection(SolutionConfigurationPlatforms) = preSolution
		Debug|Any CPU = Debug|Any CPU
		Release|Any CPU = Release|Any CPU
	EndGlobalSection
	GlobalSection(ProjectConfigurationPlatforms) = postSolution
		{CCB792ED-75D3-49AF-8BE5-A36198E1DB37}.Debug|Any CPU.ActiveCfg = Debug|Any CPU
		{CCB792ED-75D3-49AF-8BE5-A36198E1DB37}.Debug|Any CPU.Build.0 = Debug|Any CPU
		{CCB792ED-75D3-49AF-8BE5-A36198E1DB37}.Release|Any CPU.ActiveCfg = Release|Any CPU
		{CCB792ED-75D3-49AF-8BE5-A36198E1DB37}.Release|Any CPU.Build.0 = Release|Any CPU
	EndGlobalSection
	GlobalSection(SolutionProperties) = preSolution
		HideSolutionNode = FALSE
	EndGlobalSection
	GlobalSection(ExtensibilityGlobals) = postSolution
		SolutionGuid = {3B4E238E-10AB-411C-99A8-BCE11D989516}
	EndGlobalSection
EndGlobal
