
Microsoft Visual Studio Solution File, Format Version 12.00
# Visual Studio Version 16
VisualStudioVersion = 16.0.29009.5
MinimumVisualStudioVersion = 10.0.40219.1
Project("{FAE04EC0-301F-11D3-BF4B-00C04F79EFBC}") = "FileIODrill", "FileIODrill\FileIODrill.csproj", "{611A3291-6375-4221-A42A-239CB0345835}"
EndProject
Global
	GlobalSection(SolutionConfigurationPlatforms) = preSolution
		Debug|Any CPU = Debug|Any CPU
		Release|Any CPU = Release|Any CPU
	EndGlobalSection
	GlobalSection(ProjectConfigurationPlatforms) = postSolution
		{611A3291-6375-4221-A42A-239CB0345835}.Debug|Any CPU.ActiveCfg = Debug|Any CPU
		{611A3291-6375-4221-A42A-239CB0345835}.Debug|Any CPU.Build.0 = Debug|Any CPU
		{611A3291-6375-4221-A42A-239CB0345835}.Release|Any CPU.ActiveCfg = Release|Any CPU
		{611A3291-6375-4221-A42A-239CB0345835}.Release|Any CPU.Build.0 = Release|Any CPU
	EndGlobalSection
	GlobalSection(SolutionProperties) = preSolution
		HideSolutionNode = FALSE
	EndGlobalSection
	GlobalSection(ExtensibilityGlobals) = postSolution
		SolutionGuid = {160617DF-825B-4B50-9E17-3610099DAA97}
	EndGlobalSection
EndGlobal
