
Microsoft Visual Studio Solution File, Format Version 12.00
# Visual Studio Version 16
VisualStudioVersion = 16.0.29009.5
MinimumVisualStudioVersion = 10.0.40219.1
Project("{FAE04EC0-301F-11D3-BF4B-00C04F79EFBC}") = "MethodsDrill3", "MethodsDrill3\MethodsDrill3.csproj", "{3E666064-A885-4BA0-ACF4-1E502E0FE7A1}"
EndProject
Global
	GlobalSection(SolutionConfigurationPlatforms) = preSolution
		Debug|Any CPU = Debug|Any CPU
		Release|Any CPU = Release|Any CPU
	EndGlobalSection
	GlobalSection(ProjectConfigurationPlatforms) = postSolution
		{3E666064-A885-4BA0-ACF4-1E502E0FE7A1}.Debug|Any CPU.ActiveCfg = Debug|Any CPU
		{3E666064-A885-4BA0-ACF4-1E502E0FE7A1}.Debug|Any CPU.Build.0 = Debug|Any CPU
		{3E666064-A885-4BA0-ACF4-1E502E0FE7A1}.Release|Any CPU.ActiveCfg = Release|Any CPU
		{3E666064-A885-4BA0-ACF4-1E502E0FE7A1}.Release|Any CPU.Build.0 = Release|Any CPU
	EndGlobalSection
	GlobalSection(SolutionProperties) = preSolution
		HideSolutionNode = FALSE
	EndGlobalSection
	GlobalSection(ExtensibilityGlobals) = postSolution
		SolutionGuid = {1A6D1834-3528-4074-93B5-B0A7B99D9AF1}
	EndGlobalSection
EndGlobal
