
Microsoft Visual Studio Solution File, Format Version 12.00
# Visual Studio Version 16
VisualStudioVersion = 16.0.29009.5
MinimumVisualStudioVersion = 10.0.40219.1
Project("{FAE04EC0-301F-11D3-BF4B-00C04F79EFBC}") = "ArrayListDrill", "ArrayListDrill\ArrayListDrill.csproj", "{72D77937-9A87-40B4-AAEB-188D65304D69}"
EndProject
Global
	GlobalSection(SolutionConfigurationPlatforms) = preSolution
		Debug|Any CPU = Debug|Any CPU
		Release|Any CPU = Release|Any CPU
	EndGlobalSection
	GlobalSection(ProjectConfigurationPlatforms) = postSolution
		{72D77937-9A87-40B4-AAEB-188D65304D69}.Debug|Any CPU.ActiveCfg = Debug|Any CPU
		{72D77937-9A87-40B4-AAEB-188D65304D69}.Debug|Any CPU.Build.0 = Debug|Any CPU
		{72D77937-9A87-40B4-AAEB-188D65304D69}.Release|Any CPU.ActiveCfg = Release|Any CPU
		{72D77937-9A87-40B4-AAEB-188D65304D69}.Release|Any CPU.Build.0 = Release|Any CPU
	EndGlobalSection
	GlobalSection(SolutionProperties) = preSolution
		HideSolutionNode = FALSE
	EndGlobalSection
	GlobalSection(ExtensibilityGlobals) = postSolution
		SolutionGuid = {2DFCEF61-1B89-47B8-ACCC-94C2FFA3DED3}
	EndGlobalSection
EndGlobal
