
Microsoft Visual Studio Solution File, Format Version 12.00
# Visual Studio Version 16
VisualStudioVersion = 16.0.29009.5
MinimumVisualStudioVersion = 10.0.40219.1
Project("{FAE04EC0-301F-11D3-BF4B-00C04F79EFBC}") = "LambdaExpressionsDrill", "LambdaExpressionsDrill\LambdaExpressionsDrill.csproj", "{1C9DC7A8-117C-43A6-8B18-EABE978E965D}"
EndProject
Global
	GlobalSection(SolutionConfigurationPlatforms) = preSolution
		Debug|Any CPU = Debug|Any CPU
		Release|Any CPU = Release|Any CPU
	EndGlobalSection
	GlobalSection(ProjectConfigurationPlatforms) = postSolution
		{1C9DC7A8-117C-43A6-8B18-EABE978E965D}.Debug|Any CPU.ActiveCfg = Debug|Any CPU
		{1C9DC7A8-117C-43A6-8B18-EABE978E965D}.Debug|Any CPU.Build.0 = Debug|Any CPU
		{1C9DC7A8-117C-43A6-8B18-EABE978E965D}.Release|Any CPU.ActiveCfg = Release|Any CPU
		{1C9DC7A8-117C-43A6-8B18-EABE978E965D}.Release|Any CPU.Build.0 = Release|Any CPU
	EndGlobalSection
	GlobalSection(SolutionProperties) = preSolution
		HideSolutionNode = FALSE
	EndGlobalSection
	GlobalSection(ExtensibilityGlobals) = postSolution
		SolutionGuid = {8230EE9B-B9EB-4C46-BEFA-5867E4B0215E}
	EndGlobalSection
EndGlobal
