
Microsoft Visual Studio Solution File, Format Version 12.00
# Visual Studio Version 16
VisualStudioVersion = 16.0.29009.5
MinimumVisualStudioVersion = 10.0.40219.1
Project("{FAE04EC0-301F-11D3-BF4B-00C04F79EFBC}") = "MethodsDrill2", "MethodsDrill2\MethodsDrill2.csproj", "{78C420A9-C507-4547-99DF-B1C48DB9FA2B}"
EndProject
Global
	GlobalSection(SolutionConfigurationPlatforms) = preSolution
		Debug|Any CPU = Debug|Any CPU
		Release|Any CPU = Release|Any CPU
	EndGlobalSection
	GlobalSection(ProjectConfigurationPlatforms) = postSolution
		{78C420A9-C507-4547-99DF-B1C48DB9FA2B}.Debug|Any CPU.ActiveCfg = Debug|Any CPU
		{78C420A9-C507-4547-99DF-B1C48DB9FA2B}.Debug|Any CPU.Build.0 = Debug|Any CPU
		{78C420A9-C507-4547-99DF-B1C48DB9FA2B}.Release|Any CPU.ActiveCfg = Release|Any CPU
		{78C420A9-C507-4547-99DF-B1C48DB9FA2B}.Release|Any CPU.Build.0 = Release|Any CPU
	EndGlobalSection
	GlobalSection(SolutionProperties) = preSolution
		HideSolutionNode = FALSE
	EndGlobalSection
	GlobalSection(ExtensibilityGlobals) = postSolution
		SolutionGuid = {4F26894D-ADE3-4DC9-A103-50E22C468846}
	EndGlobalSection
EndGlobal
